
Microsoft Visual Studio Solution File, Format Version 12.00
# Visual Studio Version 16
VisualStudioVersion = 16.0.30413.136
MinimumVisualStudioVersion = 10.0.40219.1
Project("{FAE04EC0-301F-11D3-BF4B-00C04F79EFBC}") = "DraganJanjic", "DraganJanjic\DraganJanjic.csproj", "{01CDA1B8-7B99-4AC5-996C-3BC3AF89243C}"
EndProject
Project("{FAE04EC0-301F-11D3-BF4B-00C04F79EFBC}") = "DraganJanjic.Tests", "DraganJanjic.Tests\DraganJanjic.Tests.csproj", "{5390971D-A59A-4A4E-83F6-88041B317AF4}"
EndProject
Global
	GlobalSection(SolutionConfigurationPlatforms) = preSolution
		Debug|Any CPU = Debug|Any CPU
		Release|Any CPU = Release|Any CPU
	EndGlobalSection
	GlobalSection(ProjectConfigurationPlatforms) = postSolution
		{01CDA1B8-7B99-4AC5-996C-3BC3AF89243C}.Debug|Any CPU.ActiveCfg = Debug|Any CPU
		{01CDA1B8-7B99-4AC5-996C-3BC3AF89243C}.Debug|Any CPU.Build.0 = Debug|Any CPU
		{01CDA1B8-7B99-4AC5-996C-3BC3AF89243C}.Release|Any CPU.ActiveCfg = Release|Any CPU
		{01CDA1B8-7B99-4AC5-996C-3BC3AF89243C}.Release|Any CPU.Build.0 = Release|Any CPU
		{5390971D-A59A-4A4E-83F6-88041B317AF4}.Debug|Any CPU.ActiveCfg = Debug|Any CPU
		{5390971D-A59A-4A4E-83F6-88041B317AF4}.Debug|Any CPU.Build.0 = Debug|Any CPU
		{5390971D-A59A-4A4E-83F6-88041B317AF4}.Release|Any CPU.ActiveCfg = Release|Any CPU
		{5390971D-A59A-4A4E-83F6-88041B317AF4}.Release|Any CPU.Build.0 = Release|Any CPU
	EndGlobalSection
	GlobalSection(SolutionProperties) = preSolution
		HideSolutionNode = FALSE
	EndGlobalSection
	GlobalSection(ExtensibilityGlobals) = postSolution
		SolutionGuid = {D79D7CE6-5BA2-4F06-8B0E-28F0B70C839B}
	EndGlobalSection
EndGlobal
